dependencies:
- name: loki
  repository: https://grafana.github.io/helm-charts
  version: 6.30.1
- name: alloy
  repository: https://grafana.github.io/helm-charts
  version: 1.1.1
- name: mimir-distributed
  repository: https://grafana.github.io/helm-charts
  version: 5.7.0
- name: tempo-distributed
  repository: https://grafana.github.io/helm-charts
  version: 1.42.1
- name: minio
  repository: https://charts.min.io
  version: 5.4.0
digest: sha256:2ae4b23833b9aebd69e4e7607c8eb8748ad80e16f7f6129a256ac3eb1911a84c
generated: "2025-06-15T08:05:52.764178983Z"
