dependencies:
- name: loki
  repository: https://grafana.github.io/helm-charts
  version: 7.3.0
- name: alloy
  repository: https://grafana.github.io/helm-charts
  version: 1.0.3
- name: mimir-distributed
  repository: https://grafana.github.io/helm-charts
  version: 6.2.0
- name: tempo-distributed
  repository: https://grafana.github.io/helm-charts
  version: 1.10.0
- name: minio
  repository: https://charts.min.io
  version: 5.2.0
digest: sha256:ea4b7b8177a8c86bf04506089bae87e3a171087cc41beea758b81158dfb3a673
generated: "2026-09-12T19:47:16.709674274Z"
